
Microsoft Visual Studio Solution File, Format Version 12.00
# Visual Studio Version 17
VisualStudioVersion = 17.10.34916.146
MinimumVisualStudioVersion = 10.0.40219.1
Project("{FAE04EC0-301F-11D3-BF4B-00C04F79EFBC}") = "LlamitraApi", "LlamitraApi\LlamitraApi.csproj", "{574A5367-557E-472E-BF8B-AC075E0916E3}"
EndProject
Global
	GlobalSection(SolutionConfigurationPlatforms) = preSolution
		Debug|Any CPU = Debug|Any CPU
		Release|Any CPU = Release|Any CPU
	EndGlobalSection
	GlobalSection(ProjectConfigurationPlatforms) = postSolution
		{574A5367-557E-472E-BF8B-AC075E0916E3}.Debug|Any CPU.ActiveCfg = Debug|Any CPU
		{574A5367-557E-472E-BF8B-AC075E0916E3}.Debug|Any CPU.Build.0 = Debug|Any CPU
		{574A5367-557E-472E-BF8B-AC075E0916E3}.Release|Any CPU.ActiveCfg = Release|Any CPU
		{574A5367-557E-472E-BF8B-AC075E0916E3}.Release|Any CPU.Build.0 = Release|Any CPU
	EndGlobalSection
	GlobalSection(SolutionProperties) = preSolution
		HideSolutionNode = FALSE
	EndGlobalSection
	GlobalSection(ExtensibilityGlobals) = postSolution
		SolutionGuid = {101DE62C-DFBF-44B5-9496-02A76B459DC2}
	EndGlobalSection
EndGlobal
